
Microsoft Visual Studio Solution File, Format Version 12.00
# Visual Studio 15
VisualStudioVersion = 15.0.27130.2027
MinimumVisualStudioVersion = 10.0.40219.1
Project("{9A19103F-16F7-4668-BE54-9A1E7A4F7556}") = "SecureShare.WebApi.Wrapper", "SecureShare.WebApi.Wrapper\SecureShare.WebApi.Wrapper.csproj", "{4264B6FA-A637-419F-9474-53151AEC3ECE}"
EndProject
Project("{9A19103F-16F7-4668-BE54-9A1E7A4F7556}") = "SecureShare.Test", "SecureShare.Test\SecureShare.Test.csproj", "{4376AEA3-8C8B-420B-AFB1-3E31228AFF79}"
	ProjectSection(ProjectDependencies) = postProject
		{4264B6FA-A637-419F-9474-53151AEC3ECE} = {4264B6FA-A637-419F-9474-53151AEC3ECE}
	EndProjectSection
EndProject
Project("{9A19103F-16F7-4668-BE54-9A1E7A4F7556}") = "SecureShare.Webapp", "SecureShare.Webapp\SecureShare.Webapp.csproj", "{154CC3A4-57FE-49FE-85CB-B1B8828D7087}"
EndProject
Global
	GlobalSection(SolutionConfigurationPlatforms) = preSolution
		Debug|Any CPU = Debug|Any CPU
		Release|Any CPU = Release|Any CPU
	EndGlobalSection
	GlobalSection(ProjectConfigurationPlatforms) = postSolution
		{4264B6FA-A637-419F-9474-53151AEC3ECE}.Debug|Any CPU.ActiveCfg = Debug|Any CPU
		{4264B6FA-A637-419F-9474-53151AEC3ECE}.Debug|Any CPU.Build.0 = Debug|Any CPU
		{4264B6FA-A637-419F-9474-53151AEC3ECE}.Release|Any CPU.ActiveCfg = Release|Any CPU
		{4264B6FA-A637-419F-9474-53151AEC3ECE}.Release|Any CPU.Build.0 = Release|Any CPU
		{4376AEA3-8C8B-420B-AFB1-3E31228AFF79}.Debug|Any CPU.ActiveCfg = Debug|Any CPU
		{4376AEA3-8C8B-420B-AFB1-3E31228AFF79}.Debug|Any CPU.Build.0 = Debug|Any CPU
		{4376AEA3-8C8B-420B-AFB1-3E31228AFF79}.Release|Any CPU.ActiveCfg = Release|Any CPU
		{4376AEA3-8C8B-420B-AFB1-3E31228AFF79}.Release|Any CPU.Build.0 = Release|Any CPU
		{154CC3A4-57FE-49FE-85CB-B1B8828D7087}.Debug|Any CPU.ActiveCfg = Debug|Any CPU
		{154CC3A4-57FE-49FE-85CB-B1B8828D7087}.Debug|Any CPU.Build.0 = Debug|Any CPU
		{154CC3A4-57FE-49FE-85CB-B1B8828D7087}.Release|Any CPU.ActiveCfg = Release|Any CPU
		{154CC3A4-57FE-49FE-85CB-B1B8828D7087}.Release|Any CPU.Build.0 = Release|Any CPU
	EndGlobalSection
	GlobalSection(SolutionProperties) = preSolution
		HideSolutionNode = FALSE
	EndGlobalSection
	GlobalSection(ExtensibilityGlobals) = postSolution
		SolutionGuid = {A08CD7EA-CEA9-42F6-ADBA-882E8DF8DD30}
	EndGlobalSection
EndGlobal
